
Microsoft Visual Studio Solution File, Format Version 12.00
# Visual Studio Version 17
VisualStudioVersion = 17.1.32414.318
MinimumVisualStudioVersion = 10.0.40219.1
Project("{2150E333-8FDC-42A3-9474-1A3956D46DE8}") = "Solution Items", "Solution Items", "{145F9285-BA4D-4500-AC67-57FFD1034671}"
	ProjectSection(SolutionItems) = preProject
		ServiceUrls.txt = ServiceUrls.txt
	EndProjectSection
EndProject
Project("{2150E333-8FDC-42A3-9474-1A3956D46DE8}") = "src", "src", "{5697CC98-1913-4E11-849A-BD3D5F339652}"
EndProject
Project("{2150E333-8FDC-42A3-9474-1A3956D46DE8}") = "ApiGateways", "ApiGateways", "{74827D17-A5F8-4D72-8624-D90A837206E8}"
EndProject
Project("{2150E333-8FDC-42A3-9474-1A3956D46DE8}") = "WebApiGateway", "WebApiGateway", "{CB710D5B-AC9F-4781-B9C6-CD7535F2851E}"
EndProject
Project("{FAE04EC0-301F-11D3-BF4B-00C04F79EFBC}") = "Web.ApiGateway", "src\ApiGateways\WebApiGateway\Web.ApiGateway\Web.ApiGateway.csproj", "{94D621A4-90F2-4A8A-B61C-ADFF19B2E0BB}"
EndProject
Project("{2150E333-8FDC-42A3-9474-1A3956D46DE8}") = "BuildingBlocks", "BuildingBlocks", "{0FAA9080-93D1-476D-845B-384EDBB3079C}"
EndProject
Project("{2150E333-8FDC-42A3-9474-1A3956D46DE8}") = "EventBus", "EventBus", "{CAF37719-9EA0-4495-9DD8-0D79B4DB24E1}"
EndProject
Project("{FAE04EC0-301F-11D3-BF4B-00C04F79EFBC}") = "EventBus.Base", "src\BuildingBlocks\EventBus\EventBus.Base\EventBus.Base.csproj", "{F9973E69-47C3-42B7-96E9-D2D62B184D7A}"
EndProject
Project("{FAE04EC0-301F-11D3-BF4B-00C04F79EFBC}") = "EventBus.Factory", "src\BuildingBlocks\EventBus\EventBus.Factory\EventBus.Factory.csproj", "{C2C894D5-367F-4258-8D52-96AA167CC9D7}"
EndProject
Project("{FAE04EC0-301F-11D3-BF4B-00C04F79EFBC}") = "EventBus.AzureServiceBus", "src\BuildingBlocks\EventBus\EventBus.AzureServiceBus\EventBus.AzureServiceBus.csproj", "{1D43F09A-ED39-4147-927D-3C02237E79E9}"
EndProject
Project("{FAE04EC0-301F-11D3-BF4B-00C04F79EFBC}") = "EvenBus.RabbitMQ", "src\BuildingBlocks\EventBus\EvenBus.RabbitMQ\EvenBus.RabbitMQ.csproj", "{FB606F76-8E1D-4D81-A353-EB9350B8D626}"
EndProject
Project("{2150E333-8FDC-42A3-9474-1A3956D46DE8}") = "Clients", "Clients", "{6BFD0146-DA49-4E77-BC63-9067CB56D93E}"
EndProject
Project("{2150E333-8FDC-42A3-9474-1A3956D46DE8}") = "BlazorWebApp", "BlazorWebApp", "{814F86FE-3734-42E7-B15F-45C809DA88AC}"
EndProject
Project("{FAE04EC0-301F-11D3-BF4B-00C04F79EFBC}") = "WebApp", "src\Clients\BlazorWebApp\WebApp\WebApp.csproj", "{6984608B-3A1A-47A8-85A9-A0E8A704385B}"
EndProject
Project("{2150E333-8FDC-42A3-9474-1A3956D46DE8}") = "Services", "Services", "{F988B4B2-E3FE-4182-8128-D2894C0E3FFA}"
EndProject
Project("{2150E333-8FDC-42A3-9474-1A3956D46DE8}") = "BasketService", "BasketService", "{D6E79FE8-466A-4578-9A6A-7DB1EFBCA3AC}"
EndProject
Project("{2150E333-8FDC-42A3-9474-1A3956D46DE8}") = "CatalogService", "CatalogService", "{14930AC4-D431-44A9-B5E8-7B920FD0798B}"
EndProject
Project("{2150E333-8FDC-42A3-9474-1A3956D46DE8}") = "IdentityService", "IdentityService", "{ACAC7B9E-1278-455D-B825-59F9A0F0741B}"
EndProject
Project("{FAE04EC0-301F-11D3-BF4B-00C04F79EFBC}") = "BasketService.Api", "src\Services\BasketService\BasketService.Api\BasketService.Api.csproj", "{B6EFC8B1-9545-48A0-8EF5-76544FC67CA9}"
EndProject
Project("{FAE04EC0-301F-11D3-BF4B-00C04F79EFBC}") = "CatalogService", "src\Services\CatalogService\CatalogService\CatalogService.csproj", "{64AD323A-BED4-4535-9E08-89A794BC19B1}"
EndProject
Project("{FAE04EC0-301F-11D3-BF4B-00C04F79EFBC}") = "IdentityService.Api", "src\Services\IdentityService\IdentityService.Api\IdentityService.Api.csproj", "{5235F3A2-79FF-41AE-8E17-76470B0986F5}"
EndProject
Project("{2150E333-8FDC-42A3-9474-1A3956D46DE8}") = "NotificationService", "NotificationService", "{001C1707-0A60-4F0F-974B-C47D52A71A0C}"
EndProject
Project("{FAE04EC0-301F-11D3-BF4B-00C04F79EFBC}") = "NotificationService", "src\Services\NotificationService\NotificationService\NotificationService.csproj", "{93A5E37A-1143-414E-A987-26EB96E45DAE}"
EndProject
Project("{2150E333-8FDC-42A3-9474-1A3956D46DE8}") = "OrderService", "OrderService", "{A6D27A2D-35C5-4F39-895F-7C798FDB06B3}"
EndProject
Project("{FAE04EC0-301F-11D3-BF4B-00C04F79EFBC}") = "OrderService.Domain", "src\Services\OrderService\OrderService.Domain\OrderService.Domain.csproj", "{96B8F3A4-820B-4AC3-92A5-0D71EDCCE067}"
EndProject
Project("{FAE04EC0-301F-11D3-BF4B-00C04F79EFBC}") = "OrderService.Application", "src\Services\OrderService\OrderService.Application\OrderService.Application.csproj", "{6C6B7534-31C1-432E-905C-215664A6DC1A}"
EndProject
Project("{FAE04EC0-301F-11D3-BF4B-00C04F79EFBC}") = "OrderService.Infrastructure", "src\Services\OrderService\OrderService.Infrastructure\OrderService.Infrastructure.csproj", "{3C7D137B-EEAA-4E1B-AEB3-90E7E5B8C7A2}"
EndProject
Project("{FAE04EC0-301F-11D3-BF4B-00C04F79EFBC}") = "OrderService.Api", "src\Services\OrderService\OrderService.Api\OrderService.Api.csproj", "{DE120327-E7DC-413C-B49B-796884ED5E89}"
EndProject
Project("{2150E333-8FDC-42A3-9474-1A3956D46DE8}") = "PaymentService", "PaymentService", "{18E483DE-3EE9-4D96-BA3A-C97C6B5DA602}"
EndProject
Project("{FAE04EC0-301F-11D3-BF4B-00C04F79EFBC}") = "PaymentService.Api", "src\Services\PaymentService\PaymentService.Api\PaymentService.Api.csproj", "{2079F43D-4524-4DCB-8B07-970ECDA6164E}"
EndProject
Global
	GlobalSection(SolutionConfigurationPlatforms) = preSolution
		Debug|Any CPU = Debug|Any CPU
		Release|Any CPU = Release|Any CPU
	EndGlobalSection
	GlobalSection(ProjectConfigurationPlatforms) = postSolution
		{94D621A4-90F2-4A8A-B61C-ADFF19B2E0BB}.Debug|Any CPU.ActiveCfg = Debug|Any CPU
		{94D621A4-90F2-4A8A-B61C-ADFF19B2E0BB}.Debug|Any CPU.Build.0 = Debug|Any CPU
		{94D621A4-90F2-4A8A-B61C-ADFF19B2E0BB}.Release|Any CPU.ActiveCfg = Release|Any CPU
		{94D621A4-90F2-4A8A-B61C-ADFF19B2E0BB}.Release|Any CPU.Build.0 = Release|Any CPU
		{F9973E69-47C3-42B7-96E9-D2D62B184D7A}.Debug|Any CPU.ActiveCfg = Debug|Any CPU
		{F9973E69-47C3-42B7-96E9-D2D62B184D7A}.Debug|Any CPU.Build.0 = Debug|Any CPU
		{F9973E69-47C3-42B7-96E9-D2D62B184D7A}.Release|Any CPU.ActiveCfg = Release|Any CPU
		{F9973E69-47C3-42B7-96E9-D2D62B184D7A}.Release|Any CPU.Build.0 = Release|Any CPU
		{C2C894D5-367F-4258-8D52-96AA167CC9D7}.Debug|Any CPU.ActiveCfg = Debug|Any CPU
		{C2C894D5-367F-4258-8D52-96AA167CC9D7}.Debug|Any CPU.Build.0 = Debug|Any CPU
		{C2C894D5-367F-4258-8D52-96AA167CC9D7}.Release|Any CPU.ActiveCfg = Release|Any CPU
		{C2C894D5-367F-4258-8D52-96AA167CC9D7}.Release|Any CPU.Build.0 = Release|Any CPU
		{1D43F09A-ED39-4147-927D-3C02237E79E9}.Debug|Any CPU.ActiveCfg = Debug|Any CPU
		{1D43F09A-ED39-4147-927D-3C02237E79E9}.Debug|Any CPU.Build.0 = Debug|Any CPU
		{1D43F09A-ED39-4147-927D-3C02237E79E9}.Release|Any CPU.ActiveCfg = Release|Any CPU
		{1D43F09A-ED39-4147-927D-3C02237E79E9}.Release|Any CPU.Build.0 = Release|Any CPU
		{FB606F76-8E1D-4D81-A353-EB9350B8D626}.Debug|Any CPU.ActiveCfg = Debug|Any CPU
		{FB606F76-8E1D-4D81-A353-EB9350B8D626}.Debug|Any CPU.Build.0 = Debug|Any CPU
		{FB606F76-8E1D-4D81-A353-EB9350B8D626}.Release|Any CPU.ActiveCfg = Release|Any CPU
		{FB606F76-8E1D-4D81-A353-EB9350B8D626}.Release|Any CPU.Build.0 = Release|Any CPU
		{6984608B-3A1A-47A8-85A9-A0E8A704385B}.Debug|Any CPU.ActiveCfg = Debug|Any CPU
		{6984608B-3A1A-47A8-85A9-A0E8A704385B}.Debug|Any CPU.Build.0 = Debug|Any CPU
		{6984608B-3A1A-47A8-85A9-A0E8A704385B}.Release|Any CPU.ActiveCfg = Release|Any CPU
		{6984608B-3A1A-47A8-85A9-A0E8A704385B}.Release|Any CPU.Build.0 = Release|Any CPU
		{B6EFC8B1-9545-48A0-8EF5-76544FC67CA9}.Debug|Any CPU.ActiveCfg = Debug|Any CPU
		{B6EFC8B1-9545-48A0-8EF5-76544FC67CA9}.Debug|Any CPU.Build.0 = Debug|Any CPU
		{B6EFC8B1-9545-48A0-8EF5-76544FC67CA9}.Release|Any CPU.ActiveCfg = Release|Any CPU
		{B6EFC8B1-9545-48A0-8EF5-76544FC67CA9}.Release|Any CPU.Build.0 = Release|Any CPU
		{64AD323A-BED4-4535-9E08-89A794BC19B1}.Debug|Any CPU.ActiveCfg = Debug|Any CPU
		{64AD323A-BED4-4535-9E08-89A794BC19B1}.Debug|Any CPU.Build.0 = Debug|Any CPU
		{64AD323A-BED4-4535-9E08-89A794BC19B1}.Release|Any CPU.ActiveCfg = Release|Any CPU
		{64AD323A-BED4-4535-9E08-89A794BC19B1}.Release|Any CPU.Build.0 = Release|Any CPU
		{5235F3A2-79FF-41AE-8E17-76470B0986F5}.Debug|Any CPU.ActiveCfg = Debug|Any CPU
		{5235F3A2-79FF-41AE-8E17-76470B0986F5}.Debug|Any CPU.Build.0 = Debug|Any CPU
		{5235F3A2-79FF-41AE-8E17-76470B0986F5}.Release|Any CPU.ActiveCfg = Release|Any CPU
		{5235F3A2-79FF-41AE-8E17-76470B0986F5}.Release|Any CPU.Build.0 = Release|Any CPU
		{93A5E37A-1143-414E-A987-26EB96E45DAE}.Debug|Any CPU.ActiveCfg = Debug|Any CPU
		{93A5E37A-1143-414E-A987-26EB96E45DAE}.Debug|Any CPU.Build.0 = Debug|Any CPU
		{93A5E37A-1143-414E-A987-26EB96E45DAE}.Release|Any CPU.ActiveCfg = Release|Any CPU
		{93A5E37A-1143-414E-A987-26EB96E45DAE}.Release|Any CPU.Build.0 = Release|Any CPU
		{96B8F3A4-820B-4AC3-92A5-0D71EDCCE067}.Debug|Any CPU.ActiveCfg = Debug|Any CPU
		{96B8F3A4-820B-4AC3-92A5-0D71EDCCE067}.Debug|Any CPU.Build.0 = Debug|Any CPU
		{96B8F3A4-820B-4AC3-92A5-0D71EDCCE067}.Release|Any CPU.ActiveCfg = Release|Any CPU
		{96B8F3A4-820B-4AC3-92A5-0D71EDCCE067}.Release|Any CPU.Build.0 = Release|Any CPU
		{6C6B7534-31C1-432E-905C-215664A6DC1A}.Debug|Any CPU.ActiveCfg = Debug|Any CPU
		{6C6B7534-31C1-432E-905C-215664A6DC1A}.Debug|Any CPU.Build.0 = Debug|Any CPU
		{6C6B7534-31C1-432E-905C-215664A6DC1A}.Release|Any CPU.ActiveCfg = Release|Any CPU
		{6C6B7534-31C1-432E-905C-215664A6DC1A}.Release|Any CPU.Build.0 = Release|Any CPU
		{3C7D137B-EEAA-4E1B-AEB3-90E7E5B8C7A2}.Debug|Any CPU.ActiveCfg = Debug|Any CPU
		{3C7D137B-EEAA-4E1B-AEB3-90E7E5B8C7A2}.Debug|Any CPU.Build.0 = Debug|Any CPU
		{3C7D137B-EEAA-4E1B-AEB3-90E7E5B8C7A2}.Release|Any CPU.ActiveCfg = Release|Any CPU
		{3C7D137B-EEAA-4E1B-AEB3-90E7E5B8C7A2}.Release|Any CPU.Build.0 = Release|Any CPU
		{DE120327-E7DC-413C-B49B-796884ED5E89}.Debug|Any CPU.ActiveCfg = Debug|Any CPU
		{DE120327-E7DC-413C-B49B-796884ED5E89}.Debug|Any CPU.Build.0 = Debug|Any CPU
		{DE120327-E7DC-413C-B49B-796884ED5E89}.Release|Any CPU.ActiveCfg = Release|Any CPU
		{DE120327-E7DC-413C-B49B-796884ED5E89}.Release|Any CPU.Build.0 = Release|Any CPU
		{2079F43D-4524-4DCB-8B07-970ECDA6164E}.Debug|Any CPU.ActiveCfg = Debug|Any CPU
		{2079F43D-4524-4DCB-8B07-970ECDA6164E}.Debug|Any CPU.Build.0 = Debug|Any CPU
		{2079F43D-4524-4DCB-8B07-970ECDA6164E}.Release|Any CPU.ActiveCfg = Release|Any CPU
		{2079F43D-4524-4DCB-8B07-970ECDA6164E}.Release|Any CPU.Build.0 = Release|Any CPU
	EndGlobalSection
	GlobalSection(SolutionProperties) = preSolution
		HideSolutionNode = FALSE
	EndGlobalSection
	GlobalSection(NestedProjects) = preSolution
		{74827D17-A5F8-4D72-8624-D90A837206E8} = {5697CC98-1913-4E11-849A-BD3D5F339652}
		{CB710D5B-AC9F-4781-B9C6-CD7535F2851E} = {74827D17-A5F8-4D72-8624-D90A837206E8}
		{94D621A4-90F2-4A8A-B61C-ADFF19B2E0BB} = {CB710D5B-AC9F-4781-B9C6-CD7535F2851E}
		{0FAA9080-93D1-476D-845B-384EDBB3079C} = {5697CC98-1913-4E11-849A-BD3D5F339652}
		{CAF37719-9EA0-4495-9DD8-0D79B4DB24E1} = {0FAA9080-93D1-476D-845B-384EDBB3079C}
		{F9973E69-47C3-42B7-96E9-D2D62B184D7A} = {CAF37719-9EA0-4495-9DD8-0D79B4DB24E1}
		{C2C894D5-367F-4258-8D52-96AA167CC9D7} = {CAF37719-9EA0-4495-9DD8-0D79B4DB24E1}
		{1D43F09A-ED39-4147-927D-3C02237E79E9} = {CAF37719-9EA0-4495-9DD8-0D79B4DB24E1}
		{FB606F76-8E1D-4D81-A353-EB9350B8D626} = {CAF37719-9EA0-4495-9DD8-0D79B4DB24E1}
		{6BFD0146-DA49-4E77-BC63-9067CB56D93E} = {5697CC98-1913-4E11-849A-BD3D5F339652}
		{814F86FE-3734-42E7-B15F-45C809DA88AC} = {6BFD0146-DA49-4E77-BC63-9067CB56D93E}
		{6984608B-3A1A-47A8-85A9-A0E8A704385B} = {814F86FE-3734-42E7-B15F-45C809DA88AC}
		{F988B4B2-E3FE-4182-8128-D2894C0E3FFA} = {5697CC98-1913-4E11-849A-BD3D5F339652}
		{D6E79FE8-466A-4578-9A6A-7DB1EFBCA3AC} = {F988B4B2-E3FE-4182-8128-D2894C0E3FFA}
		{14930AC4-D431-44A9-B5E8-7B920FD0798B} = {F988B4B2-E3FE-4182-8128-D2894C0E3FFA}
		{ACAC7B9E-1278-455D-B825-59F9A0F0741B} = {F988B4B2-E3FE-4182-8128-D2894C0E3FFA}
		{B6EFC8B1-9545-48A0-8EF5-76544FC67CA9} = {D6E79FE8-466A-4578-9A6A-7DB1EFBCA3AC}
		{64AD323A-BED4-4535-9E08-89A794BC19B1} = {14930AC4-D431-44A9-B5E8-7B920FD0798B}
		{5235F3A2-79FF-41AE-8E17-76470B0986F5} = {ACAC7B9E-1278-455D-B825-59F9A0F0741B}
		{001C1707-0A60-4F0F-974B-C47D52A71A0C} = {F988B4B2-E3FE-4182-8128-D2894C0E3FFA}
		{93A5E37A-1143-414E-A987-26EB96E45DAE} = {001C1707-0A60-4F0F-974B-C47D52A71A0C}
		{A6D27A2D-35C5-4F39-895F-7C798FDB06B3} = {F988B4B2-E3FE-4182-8128-D2894C0E3FFA}
		{96B8F3A4-820B-4AC3-92A5-0D71EDCCE067} = {A6D27A2D-35C5-4F39-895F-7C798FDB06B3}
		{6C6B7534-31C1-432E-905C-215664A6DC1A} = {A6D27A2D-35C5-4F39-895F-7C798FDB06B3}
		{3C7D137B-EEAA-4E1B-AEB3-90E7E5B8C7A2} = {A6D27A2D-35C5-4F39-895F-7C798FDB06B3}
		{DE120327-E7DC-413C-B49B-796884ED5E89} = {A6D27A2D-35C5-4F39-895F-7C798FDB06B3}
		{18E483DE-3EE9-4D96-BA3A-C97C6B5DA602} = {F988B4B2-E3FE-4182-8128-D2894C0E3FFA}
		{2079F43D-4524-4DCB-8B07-970ECDA6164E} = {18E483DE-3EE9-4D96-BA3A-C97C6B5DA602}
	EndGlobalSection
	GlobalSection(ExtensibilityGlobals) = postSolution
		SolutionGuid = {419BABDD-5DFA-47DA-A131-D11EC2CC5A51}
	EndGlobalSection
EndGlobal
